
Microsoft Visual Studio Solution File, Format Version 12.00
# Visual Studio 15
VisualStudioVersion = 15.0.28307.421
MinimumVisualStudioVersion = 10.0.40219.1
Project("{FAE04EC0-301F-11D3-BF4B-00C04F79EFBC}") = "Array", "Array\Array.csproj", "{1E8B74C4-2DDE-470C-962D-BC2A6C7D4E6C}"
EndProject
Project("{FAE04EC0-301F-11D3-BF4B-00C04F79EFBC}") = "TugasArray", "TugasArray\TugasArray.csproj", "{3472C7A4-5E34-4DD2-9186-908A2D57E363}"
EndProject
Global
	GlobalSection(SolutionConfigurationPlatforms) = preSolution
		Debug|Any CPU = Debug|Any CPU
		Release|Any CPU = Release|Any CPU
	EndGlobalSection
	GlobalSection(ProjectConfigurationPlatforms) = postSolution
		{1E8B74C4-2DDE-470C-962D-BC2A6C7D4E6C}.Debug|Any CPU.ActiveCfg = Debug|Any CPU
		{1E8B74C4-2DDE-470C-962D-BC2A6C7D4E6C}.Debug|Any CPU.Build.0 = Debug|Any CPU
		{1E8B74C4-2DDE-470C-962D-BC2A6C7D4E6C}.Release|Any CPU.ActiveCfg = Release|Any CPU
		{1E8B74C4-2DDE-470C-962D-BC2A6C7D4E6C}.Release|Any CPU.Build.0 = Release|Any CPU
		{3472C7A4-5E34-4DD2-9186-908A2D57E363}.Debug|Any CPU.ActiveCfg = Debug|Any CPU
		{3472C7A4-5E34-4DD2-9186-908A2D57E363}.Debug|Any CPU.Build.0 = Debug|Any CPU
		{3472C7A4-5E34-4DD2-9186-908A2D57E363}.Release|Any CPU.ActiveCfg = Release|Any CPU
		{3472C7A4-5E34-4DD2-9186-908A2D57E363}.Release|Any CPU.Build.0 = Release|Any CPU
	EndGlobalSection
	GlobalSection(SolutionProperties) = preSolution
		HideSolutionNode = FALSE
	EndGlobalSection
	GlobalSection(ExtensibilityGlobals) = postSolution
		SolutionGuid = {3FA4FA02-20BB-4A69-BDCB-2652503DE523}
	EndGlobalSection
EndGlobal
